
Microsoft Visual Studio Solution File, Format Version 12.00
# Visual Studio Version 17
VisualStudioVersion = 17.9.34714.143
MinimumVisualStudioVersion = 10.0.40219.1
Project("{FAE04EC0-301F-11D3-BF4B-00C04F79EFBC}") = "zd1", "zd1\zd1.csproj", "{4D59D77B-EFEC-4D79-9E1B-626E4BC9451D}"
EndProject
Global
	GlobalSection(SolutionConfigurationPlatforms) = preSolution
		Debug|Any CPU = Debug|Any CPU
		Release|Any CPU = Release|Any CPU
	EndGlobalSection
	GlobalSection(ProjectConfigurationPlatforms) = postSolution
		{4D59D77B-EFEC-4D79-9E1B-626E4BC9451D}.Debug|Any CPU.ActiveCfg = Debug|Any CPU
		{4D59D77B-EFEC-4D79-9E1B-626E4BC9451D}.Debug|Any CPU.Build.0 = Debug|Any CPU
		{4D59D77B-EFEC-4D79-9E1B-626E4BC9451D}.Release|Any CPU.ActiveCfg = Release|Any CPU
		{4D59D77B-EFEC-4D79-9E1B-626E4BC9451D}.Release|Any CPU.Build.0 = Release|Any CPU
	EndGlobalSection
	GlobalSection(SolutionProperties) = preSolution
		HideSolutionNode = FALSE
	EndGlobalSection
	GlobalSection(ExtensibilityGlobals) = postSolution
		SolutionGuid = {45FC7AB2-D69A-4578-A5AA-50B4732E24DA}
	EndGlobalSection
EndGlobal
